// !$*UTF8*$!
{
	archiveVersion = 1;
	classes = {
	};
	objectVersion = 48;
	objects = {

/* Begin PBXBuildFile section */
		9D5F8C7020CAD5BC00F99968 /* URL.swift in Sources */ = {isa = PBXBuildFile; fileRef = 9D5F8C6F20CAD5BC00F99968 /* URL.swift */; };
		9D6CA59820CBB10E005B80BE /* AnnictConsts.swift in Sources */ = {isa = PBXBuildFile; fileRef = 9D6CA59720CBB10E005B80BE /* AnnictConsts.swift */; };
		9D6CA59A20CBCEA0005B80BE /* Notification.swift in Sources */ = {isa = PBXBuildFile; fileRef = 9D6CA59920CBCEA0005B80BE /* Notification.swift */; };
		9D6CA59C20CBD1E1005B80BE /* ApiAuthTokenGateway.swift in Sources */ = {isa = PBXBuildFile; fileRef = 9D6CA59B20CBD1E1005B80BE /* ApiAuthTokenGateway.swift */; };
		9D6CA59F20CBD2A3005B80BE /* AuthToken.swift in Sources */ = {isa = PBXBuildFile; fileRef = 9D6CA59E20CBD2A3005B80BE /* AuthToken.swift */; };
		9D6CA5A120CBD421005B80BE /* ApiAuthToken.swift in Sources */ = {isa = PBXBuildFile; fileRef = 9D6CA5A020CBD421005B80BE /* ApiAuthToken.swift */; };
		9D6CA5A420CBD61C005B80BE /* AuthTokenGateway.swift in Sources */ = {isa = PBXBuildFile; fileRef = 9D6CA5A320CBD61C005B80BE /* AuthTokenGateway.swift */; };
		9D6CA5A820CBEB02005B80BE /* LoginPresenter.swift in Sources */ = {isa = PBXBuildFile; fileRef = 9D6CA5A720CBEB02005B80BE /* LoginPresenter.swift */; };
		9D6CA5AB20CC116D005B80BE /* SendAuthToken.swift in Sources */ = {isa = PBXBuildFile; fileRef = 9D6CA5AA20CC116D005B80BE /* SendAuthToken.swift */; };
		9D6CA5AE20CC2131005B80BE /* CacheAuthToken.swift in Sources */ = {isa = PBXBuildFile; fileRef = 9D6CA5AD20CC2131005B80BE /* CacheAuthToken.swift */; };
		9D6CA5B020CCC0FA005B80BE /* LoginConfigurator.swift in Sources */ = {isa = PBXBuildFile; fileRef = 9D6CA5AF20CCC0FA005B80BE /* LoginConfigurator.swift */; };
		9D6CA5B420CEB0FD005B80BE /* ApiClientTest.swift in Sources */ = {isa = PBXBuildFile; fileRef = 9D6CA5B320CEB0FD005B80BE /* ApiClientTest.swift */; };
		9D6CA5B720CEB53F005B80BE /* URLSessionStub.swift in Sources */ = {isa = PBXBuildFile; fileRef = 9D6CA5B620CEB53F005B80BE /* URLSessionStub.swift */; };
		9D9EA4EF20DE797100BAB64C /* NSManagedObjectContext-Utils.swift in Sources */ = {isa = PBXBuildFile; fileRef = 9D9EA4EE20DE797100BAB64C /* NSManagedObjectContext-Utils.swift */; };
		9D9EA4F220DF42DF00BAB64C /* AnnictModel.xcdatamodeld in Sources */ = {isa = PBXBuildFile; fileRef = 9D9EA4F020DF42DE00BAB64C /* AnnictModel.xcdatamodeld */; };
		9D9EA4F920DF898A00BAB64C /* WorksConfigurator.swift in Sources */ = {isa = PBXBuildFile; fileRef = 9D9EA4F820DF898A00BAB64C /* WorksConfigurator.swift */; };
		9D9EA4FB20DF89D300BAB64C /* WorksTableViewController.swift in Sources */ = {isa = PBXBuildFile; fileRef = 9D9EA4FA20DF89D300BAB64C /* WorksTableViewController.swift */; };
		9D9EA4FD20DFA85700BAB64C /* CoreDataStack.swift in Sources */ = {isa = PBXBuildFile; fileRef = 9D9EA4FC20DFA85700BAB64C /* CoreDataStack.swift */; };
		9D9EA4FF20DFA8FF00BAB64C /* WorksPresenter.swift in Sources */ = {isa = PBXBuildFile; fileRef = 9D9EA4FE20DFA8FF00BAB64C /* WorksPresenter.swift */; };
		9D9EA50120DFA96800BAB64C /* WorksViewRouter.swift in Sources */ = {isa = PBXBuildFile; fileRef = 9D9EA50020DFA96800BAB64C /* WorksViewRouter.swift */; };
		9D9EA50420DFA9AC00BAB64C /* ViewRouter.swift in Sources */ = {isa = PBXBuildFile; fileRef = 9D9EA50320DFA9AC00BAB64C /* ViewRouter.swift */; };
		9D9EA50620DFAC6300BAB64C /* UIViewController-Alert.swift in Sources */ = {isa = PBXBuildFile; fileRef = 9D9EA50520DFAC6300BAB64C /* UIViewController-Alert.swift */; };
		9D9EA50820DFACBC00BAB64C /* WorkTableViewCell.swift in Sources */ = {isa = PBXBuildFile; fileRef = 9D9EA50720DFACBC00BAB64C /* WorkTableViewCell.swift */; };
		9D9EA50A20DFB27200BAB64C /* CacheWorksGatewayTest.swift in Sources */ = {isa = PBXBuildFile; fileRef = 9D9EA50920DFB27200BAB64C /* CacheWorksGatewayTest.swift */; };
		9D9EA50C20DFB33100BAB64C /* Work.swift in Sources */ = {isa = PBXBuildFile; fileRef = 9D9EA50B20DFB33100BAB64C /* Work.swift */; };
		9D9EA50E20DFB7EA00BAB64C /* ApiWorksGatewaySpy.swift in Sources */ = {isa = PBXBuildFile; fileRef = 9D9EA50D20DFB7EA00BAB64C /* ApiWorksGatewaySpy.swift */; };
		9D9EA51020DFB8A800BAB64C /* LocalPersistenceWorksGatewaySpy.swift in Sources */ = {isa = PBXBuildFile; fileRef = 9D9EA50F20DFB8A800BAB64C /* LocalPersistenceWorksGatewaySpy.swift */; };
		9D9EA55120E12D5700BAB64C /* DateFormatter.swift in Sources */ = {isa = PBXBuildFile; fileRef = 9D9EA55020E12D5700BAB64C /* DateFormatter.swift */; };
		9DB1A0D720CA63BB00ACDA4B /* AuthTokenRequest.swift in Sources */ = {isa = PBXBuildFile; fileRef = 9DB1A0D620CA63BB00ACDA4B /* AuthTokenRequest.swift */; };
		9DB1A0DA20CA7A8C00ACDA4B /* Localizable.strings in Resources */ = {isa = PBXBuildFile; fileRef = 9DB1A0DC20CA7A8C00ACDA4B /* Localizable.strings */; };
		9DB1A0E320CA817400ACDA4B /* UINavigationController.swift in Sources */ = {isa = PBXBuildFile; fileRef = 9DB1A0E220CA817400ACDA4B /* UINavigationController.swift */; };
		9DB34BF92029FA1000534402 /* AppDelegate.swift in Sources */ = {isa = PBXBuildFile; fileRef = 9DB34BF82029FA1000534402 /* AppDelegate.swift */; };
		9DB34BFB2029FA1000534402 /* FirstViewController.swift in Sources */ = {isa = PBXBuildFile; fileRef = 9DB34BFA2029FA1000534402 /* FirstViewController.swift */; };
		9DB34BFD2029FA1000534402 /* SecondViewController.swift in Sources */ = {isa = PBXBuildFile; fileRef = 9DB34BFC2029FA1000534402 /* SecondViewController.swift */; };
		9DB34C002029FA1000534402 /* Main.storyboard in Resources */ = {isa = PBXBuildFile; fileRef = 9DB34BFE2029FA1000534402 /* Main.storyboard */; };
		9DB34C022029FA1000534402 /* Assets.xcassets in Resources */ = {isa = PBXBuildFile; fileRef = 9DB34C012029FA1000534402 /* Assets.xcassets */; };
		9DB34C052029FA1000534402 /* LaunchScreen.storyboard in Resources */ = {isa = PBXBuildFile; fileRef = 9DB34C032029FA1000534402 /* LaunchScreen.storyboard */; };
		9DB34C102029FA1000534402 /* AnnictTests.swift in Sources */ = {isa = PBXBuildFile; fileRef = 9DB34C0F2029FA1000534402 /* AnnictTests.swift */; };
		9DB34C1B2029FA1000534402 /* AnnictUITests.swift in Sources */ = {isa = PBXBuildFile; fileRef = 9DB34C1A2029FA1000534402 /* AnnictUITests.swift */; };
		9DC8A62120C9794800EB43E9 /* Login.storyboard in Resources */ = {isa = PBXBuildFile; fileRef = 9DC8A62020C9794800EB43E9 /* Login.storyboard */; };
		9DC8A62320C979A600EB43E9 /* LoginViewController.swift in Sources */ = {isa = PBXBuildFile; fileRef = 9DC8A62220C979A600EB43E9 /* LoginViewController.swift */; };
		9DC8A62B20C97DFB00EB43E9 /* ApiClient.swift in Sources */ = {isa = PBXBuildFile; fileRef = 9DC8A62A20C97DFB00EB43E9 /* ApiClient.swift */; };
		9DC8A62D20C97E4900EB43E9 /* Result.swift in Sources */ = {isa = PBXBuildFile; fileRef = 9DC8A62C20C97E4900EB43E9 /* Result.swift */; };
		9DC8A62F20C97FB200EB43E9 /* ApiResponse.swift in Sources */ = {isa = PBXBuildFile; fileRef = 9DC8A62E20C97FB200EB43E9 /* ApiResponse.swift */; };
		9DC8A63120C9842800EB43E9 /* AuthorizationRequest.swift in Sources */ = {isa = PBXBuildFile; fileRef = 9DC8A63020C9842800EB43E9 /* AuthorizationRequest.swift */; };
		9DCEC69320DD4F8F00F9A747 /* WorksGateway.swift in Sources */ = {isa = PBXBuildFile; fileRef = 9DCEC69220DD4F8F00F9A747 /* WorksGateway.swift */; };
		9DCEC69520DD4FFB00F9A747 /* AddWork.swift in Sources */ = {isa = PBXBuildFile; fileRef = 9DCEC69420DD4FFB00F9A747 /* AddWork.swift */; };
		9DCEC69720DD514200F9A747 /* DisplayWorksList.swift in Sources */ = {isa = PBXBuildFile; fileRef = 9DCEC69620DD514200F9A747 /* DisplayWorksList.swift */; };
		9DCEC69920DD523800F9A747 /* DeleteWork.swift in Sources */ = {isa = PBXBuildFile; fileRef = 9DCEC69820DD523800F9A747 /* DeleteWork.swift */; };
		9DCEC69B20DD532800F9A747 /* ApiWork.swift in Sources */ = {isa = PBXBuildFile; fileRef = 9DCEC69A20DD532800F9A747 /* ApiWork.swift */; };
		9DCEC69D20DDD00500F9A747 /* WorksApiRequest.swift in Sources */ = {isa = PBXBuildFile; fileRef = 9DCEC69C20DDD00500F9A747 /* WorksApiRequest.swift */; };
		9DCEC6A020DDD15A00F9A747 /* CacheWorksGateway.swift in Sources */ = {isa = PBXBuildFile; fileRef = 9DCEC69F20DDD15A00F9A747 /* CacheWorksGateway.swift */; };
		9DCEC6A620DDD2A300F9A747 /* AddWorkApiRequest.swift in Sources */ = {isa = PBXBuildFile; fileRef = 9DCEC6A520DDD2A300F9A747 /* AddWorkApiRequest.swift */; };
		9DCEC6A820DDD37F00F9A747 /* Json.swift in Sources */ = {isa = PBXBuildFile; fileRef = 9DCEC6A720DDD37F00F9A747 /* Json.swift */; };
		9DCEC6AA20DDD66500F9A747 /* DeleteWorkApiRequest.swift in Sources */ = {isa = PBXBuildFile; fileRef = 9DCEC6A920DDD66500F9A747 /* DeleteWorkApiRequest.swift */; };
		9DCEC6AC20DDD70200F9A747 /* ApiWorksGateway.swift in Sources */ = {isa = PBXBuildFile; fileRef = 9DCEC6AB20DDD70200F9A747 /* ApiWorksGateway.swift */; };
		9DCEC6AE20DDD80C00F9A747 /* LocalPersistenceWorksGateway.swift in Sources */ = {isa = PBXBuildFile; fileRef = 9DCEC6AD20DDD80C00F9A747 /* LocalPersistenceWorksGateway.swift */; };
		9DCEC6B020DDD86900F9A747 /* CoreDataWork.swift in Sources */ = {isa = PBXBuildFile; fileRef = 9DCEC6AF20DDD86900F9A747 /* CoreDataWork.swift */; };
		9DEAF33120D654AD0063533E /* NSError.swift in Sources */ = {isa = PBXBuildFile; fileRef = 9DEAF33020D654AD0063533E /* NSError.swift */; };
		9DEAF33420D688590063533E /* CacheAuthTokenGatewayTest.swift in Sources */ = {isa = PBXBuildFile; fileRef = 9DEAF33320D688590063533E /* CacheAuthTokenGatewayTest.swift */; };
		9DEAF33720D688A20063533E /* ApiAuthTokenGatewaySpy.swift in Sources */ = {isa = PBXBuildFile; fileRef = 9DEAF33620D688A20063533E /* ApiAuthTokenGatewaySpy.swift */; };
		9DEAF33920D68B8B0063533E /* AuthToken.swift in Sources */ = {isa = PBXBuildFile; fileRef = 9DEAF33820D68B8B0063533E /* AuthToken.swift */; };
		9DEAF33B20D68ECE0063533E /* Result.swift in Sources */ = {isa = PBXBuildFile; fileRef = 9DEAF33A20D68ECE0063533E /* Result.swift */; };
		9DEAF33D20DD49810063533E /* Work.swift in Sources */ = {isa = PBXBuildFile; fileRef = 9DEAF33C20DD49810063533E /* Work.swift */; };
/* End PBXBuildFile section */

/* Begin PBXContainerItemProxy section */
		9DB34C0C2029FA1000534402 /* PBXContainerItemProxy */ = {
			isa = PBXContainerItemProxy;
			containerPortal = 9DB34BED2029FA1000534402 /* Project object */;
			proxyType = 1;
			remoteGlobalIDString = 9DB34BF42029FA1000534402;
			remoteInfo = Annict;
		};
		9DB34C172029FA1000534402 /* PBXContainerItemProxy */ = {
			isa = PBXContainerItemProxy;
			containerPortal = 9DB34BED2029FA1000534402 /* Project object */;
			proxyType = 1;
			remoteGlobalIDString = 9DB34BF42029FA1000534402;
			remoteInfo = Annict;
		};
/* End PBXContainerItemProxy section */

/* Begin PBXFileReference section */
		9D5F8C6F20CAD5BC00F99968 /* URL.swift */ = {isa = PBXFileReference; lastKnownFileType = sourcecode.swift; path = URL.swift; sourceTree = "<group>"; };
		9D6CA59720CBB10E005B80BE /* AnnictConsts.swift */ = {isa = PBXFileReference; lastKnownFileType = sourcecode.swift; path = AnnictConsts.swift; sourceTree = "<group>"; };
		9D6CA59920CBCEA0005B80BE /* Notification.swift */ = {isa = PBXFileReference; lastKnownFileType = sourcecode.swift; path = Notification.swift; sourceTree = "<group>"; };
		9D6CA59B20CBD1E1005B80BE /* ApiAuthTokenGateway.swift */ = {isa = PBXFileReference; lastKnownFileType = sourcecode.swift; path = ApiAuthTokenGateway.swift; sourceTree = "<group>"; };
		9D6CA59E20CBD2A3005B80BE /* AuthToken.swift */ = {isa = PBXFileReference; lastKnownFileType = sourcecode.swift; path = AuthToken.swift; sourceTree = "<group>"; };
		9D6CA5A020CBD421005B80BE /* ApiAuthToken.swift */ = {isa = PBXFileReference; lastKnownFileType = sourcecode.swift; path = ApiAuthToken.swift; sourceTree = "<group>"; };
		9D6CA5A320CBD61C005B80BE /* AuthTokenGateway.swift */ = {isa = PBXFileReference; lastKnownFileType = sourcecode.swift; path = AuthTokenGateway.swift; sourceTree = "<group>"; };
		9D6CA5A720CBEB02005B80BE /* LoginPresenter.swift */ = {isa = PBXFileReference; lastKnownFileType = sourcecode.swift; path = LoginPresenter.swift; sourceTree = "<group>"; };
		9D6CA5AA20CC116D005B80BE /* SendAuthToken.swift */ = {isa = PBXFileReference; lastKnownFileType = sourcecode.swift; path = SendAuthToken.swift; sourceTree = "<group>"; };
		9D6CA5AD20CC2131005B80BE /* CacheAuthToken.swift */ = {isa = PBXFileReference; lastKnownFileType = sourcecode.swift; path = CacheAuthToken.swift; sourceTree = "<group>"; };
		9D6CA5AF20CCC0FA005B80BE /* LoginConfigurator.swift */ = {isa = PBXFileReference; lastKnownFileType = sourcecode.swift; path = LoginConfigurator.swift; sourceTree = "<group>"; };
		9D6CA5B320CEB0FD005B80BE /* ApiClientTest.swift */ = {isa = PBXFileReference; lastKnownFileType = sourcecode.swift; path = ApiClientTest.swift; sourceTree = "<group>"; };
		9D6CA5B620CEB53F005B80BE /* URLSessionStub.swift */ = {isa = PBXFileReference; lastKnownFileType = sourcecode.swift; path = URLSessionStub.swift; sourceTree = "<group>"; };
		9D9EA4EE20DE797100BAB64C /* NSManagedObjectContext-Utils.swift */ = {isa = PBXFileReference; lastKnownFileType = sourcecode.swift; path = "NSManagedObjectContext-Utils.swift"; sourceTree = "<group>"; };
		9D9EA4F120DF42DE00BAB64C /* AnnictModel.xcdatamodel */ = {isa = PBXFileReference; lastKnownFileType = wrapper.xcdatamodel; path = AnnictModel.xcdatamodel; sourceTree = "<group>"; };
		9D9EA4F820DF898A00BAB64C /* WorksConfigurator.swift */ = {isa = PBXFileReference; lastKnownFileType = sourcecode.swift; path = WorksConfigurator.swift; sourceTree = "<group>"; };
		9D9EA4FA20DF89D300BAB64C /* WorksTableViewController.swift */ = {isa = PBXFileReference; lastKnownFileType = sourcecode.swift; path = WorksTableViewController.swift; sourceTree = "<group>"; };
		9D9EA4FC20DFA85700BAB64C /* CoreDataStack.swift */ = {isa = PBXFileReference; lastKnownFileType = sourcecode.swift; path = CoreDataStack.swift; sourceTree = "<group>"; };
		9D9EA4FE20DFA8FF00BAB64C /* WorksPresenter.swift */ = {isa = PBXFileReference; lastKnownFileType = sourcecode.swift; path = WorksPresenter.swift; sourceTree = "<group>"; };
		9D9EA50020DFA96800BAB64C /* WorksViewRouter.swift */ = {isa = PBXFileReference; lastKnownFileType = sourcecode.swift; path = WorksViewRouter.swift; sourceTree = "<group>"; };
		9D9EA50320DFA9AC00BAB64C /* ViewRouter.swift */ = {isa = PBXFileReference; lastKnownFileType = sourcecode.swift; path = ViewRouter.swift; sourceTree = "<group>"; };
		9D9EA50520DFAC6300BAB64C /* UIViewController-Alert.swift */ = {isa = PBXFileReference; lastKnownFileType = sourcecode.swift; path = "UIViewController-Alert.swift"; sourceTree = "<group>"; };
		9D9EA50720DFACBC00BAB64C /* WorkTableViewCell.swift */ = {isa = PBXFileReference; lastKnownFileType = sourcecode.swift; path = WorkTableViewCell.swift; sourceTree = "<group>"; };
		9D9EA50920DFB27200BAB64C /* CacheWorksGatewayTest.swift */ = {isa = PBXFileReference; lastKnownFileType = sourcecode.swift; path = CacheWorksGatewayTest.swift; sourceTree = "<group>"; };
		9D9EA50B20DFB33100BAB64C /* Work.swift */ = {isa = PBXFileReference; lastKnownFileType = sourcecode.swift; path = Work.swift; sourceTree = "<group>"; };
		9D9EA50D20DFB7EA00BAB64C /* ApiWorksGatewaySpy.swift */ = {isa = PBXFileReference; lastKnownFileType = sourcecode.swift; path = ApiWorksGatewaySpy.swift; sourceTree = "<group>"; };
		9D9EA50F20DFB8A800BAB64C /* LocalPersistenceWorksGatewaySpy.swift */ = {isa = PBXFileReference; lastKnownFileType = sourcecode.swift; path = LocalPersistenceWorksGatewaySpy.swift; sourceTree = "<group>"; };
		9D9EA55020E12D5700BAB64C /* DateFormatter.swift */ = {isa = PBXFileReference; lastKnownFileType = sourcecode.swift; path = DateFormatter.swift; sourceTree = "<group>"; };
		9DB1A0D620CA63BB00ACDA4B /* AuthTokenRequest.swift */ = {isa = PBXFileReference; lastKnownFileType = sourcecode.swift; path = AuthTokenRequest.swift; sourceTree = "<group>"; };
		9DB1A0DB20CA7A8C00ACDA4B /* en */ = {isa = PBXFileReference; lastKnownFileType = text.plist.strings; name = en; path = en.lproj/Localizable.strings; sourceTree = "<group>"; };
		9DB1A0DF20CA7AE900ACDA4B /* ja */ = {isa = PBXFileReference; lastKnownFileType = text.plist.strings; name = ja; path = ja.lproj/Main.strings; sourceTree = "<group>"; };
		9DB1A0E020CA7AE900ACDA4B /* ja */ = {isa = PBXFileReference; lastKnownFileType = text.plist.strings; name = ja; path = ja.lproj/LaunchScreen.strings; sourceTree = "<group>"; };
		9DB1A0E120CA7AE900ACDA4B /* ja */ = {isa = PBXFileReference; lastKnownFileType = text.plist.strings; name = ja; path = ja.lproj/Localizable.strings; sourceTree = "<group>"; };
		9DB1A0E220CA817400ACDA4B /* UINavigationController.swift */ = {isa = PBXFileReference; lastKnownFileType = sourcecode.swift; path = UINavigationController.swift; sourceTree = "<group>"; };
		9DB34BF52029FA1000534402 /* Annict.app */ = {isa = PBXFileReference; explicitFileType = wrapper.application; includeInIndex = 0; path = Annict.app; sourceTree = BUILT_PRODUCTS_DIR; };
		9DB34BF82029FA1000534402 /* AppDelegate.swift */ = {isa = PBXFileReference; lastKnownFileType = sourcecode.swift; path = AppDelegate.swift; sourceTree = "<group>"; };
		9DB34BFA2029FA1000534402 /* FirstViewController.swift */ = {isa = PBXFileReference; lastKnownFileType = sourcecode.swift; path = FirstViewController.swift; sourceTree = "<group>"; };
		9DB34BFC2029FA1000534402 /* SecondViewController.swift */ = {isa = PBXFileReference; lastKnownFileType = sourcecode.swift; path = SecondViewController.swift; sourceTree = "<group>"; };
		9DB34BFF2029FA1000534402 /* Base */ = {isa = PBXFileReference; lastKnownFileType = file.storyboard; name = Base; path = Base.lproj/Main.storyboard; sourceTree = "<group>"; };
		9DB34C012029FA1000534402 /* Assets.xcassets */ = {isa = PBXFileReference; lastKnownFileType = folder.assetcatalog; path = Assets.xcassets; sourceTree = "<group>"; };
		9DB34C042029FA1000534402 /* Base */ = {isa = PBXFileReference; lastKnownFileType = file.storyboard; name = Base; path = Base.lproj/LaunchScreen.storyboard; sourceTree = "<group>"; };
		9DB34C062029FA1000534402 /* Info.plist */ = {isa = PBXFileReference; lastKnownFileType = text.plist.xml; path = Info.plist; sourceTree = "<group>"; };
		9DB34C0B2029FA1000534402 /* AnnictTests.xctest */ = {isa = PBXFileReference; explicitFileType = wrapper.cfbundle; includeInIndex = 0; path = AnnictTests.xctest; sourceTree = BUILT_PRODUCTS_DIR; };
		9DB34C0F2029FA1000534402 /* AnnictTests.swift */ = {isa = PBXFileReference; lastKnownFileType = sourcecode.swift; path = AnnictTests.swift; sourceTree = "<group>"; };
		9DB34C112029FA1000534402 /* Info.plist */ = {isa = PBXFileReference; lastKnownFileType = text.plist.xml; path = Info.plist; sourceTree = "<group>"; };
		9DB34C162029FA1000534402 /* AnnictUITests.xctest */ = {isa = PBXFileReference; explicitFileType = wrapper.cfbundle; includeInIndex = 0; path = AnnictUITests.xctest; sourceTree = BUILT_PRODUCTS_DIR; };
		9DB34C1A2029FA1000534402 /* AnnictUITests.swift */ = {isa = PBXFileReference; lastKnownFileType = sourcecode.swift; path = AnnictUITests.swift; sourceTree = "<group>"; };
		9DB34C1C2029FA1000534402 /* Info.plist */ = {isa = PBXFileReference; lastKnownFileType = text.plist.xml; path = Info.plist; sourceTree = "<group>"; };
		9DC8A62020C9794800EB43E9 /* Login.storyboard */ = {isa = PBXFileReference; lastKnownFileType = file.storyboard; path = Login.storyboard; sourceTree = "<group>"; };
		9DC8A62220C979A600EB43E9 /* LoginViewController.swift */ = {isa = PBXFileReference; lastKnownFileType = sourcecode.swift; path = LoginViewController.swift; sourceTree = "<group>"; };
		9DC8A62A20C97DFB00EB43E9 /* ApiClient.swift */ = {isa = PBXFileReference; lastKnownFileType = sourcecode.swift; path = ApiClient.swift; sourceTree = "<group>"; };
		9DC8A62C20C97E4900EB43E9 /* Result.swift */ = {isa = PBXFileReference; lastKnownFileType = sourcecode.swift; path = Result.swift; sourceTree = "<group>"; };
		9DC8A62E20C97FB200EB43E9 /* ApiResponse.swift */ = {isa = PBXFileReference; lastKnownFileType = sourcecode.swift; path = ApiResponse.swift; sourceTree = "<group>"; };
		9DC8A63020C9842800EB43E9 /* AuthorizationRequest.swift */ = {isa = PBXFileReference; lastKnownFileType = sourcecode.swift; path = AuthorizationRequest.swift; sourceTree = "<group>"; };
		9DCEC69220DD4F8F00F9A747 /* WorksGateway.swift */ = {isa = PBXFileReference; lastKnownFileType = sourcecode.swift; path = WorksGateway.swift; sourceTree = "<group>"; };
		9DCEC69420DD4FFB00F9A747 /* AddWork.swift */ = {isa = PBXFileReference; lastKnownFileType = sourcecode.swift; path = AddWork.swift; sourceTree = "<group>"; };
		9DCEC69620DD514200F9A747 /* DisplayWorksList.swift */ = {isa = PBXFileReference; lastKnownFileType = sourcecode.swift; path = DisplayWorksList.swift; sourceTree = "<group>"; };
		9DCEC69820DD523800F9A747 /* DeleteWork.swift */ = {isa = PBXFileReference; lastKnownFileType = sourcecode.swift; path = DeleteWork.swift; sourceTree = "<group>"; };
		9DCEC69A20DD532800F9A747 /* ApiWork.swift */ = {isa = PBXFileReference; lastKnownFileType = sourcecode.swift; path = ApiWork.swift; sourceTree = "<group>"; };
		9DCEC69C20DDD00500F9A747 /* WorksApiRequest.swift */ = {isa = PBXFileReference; lastKnownFileType = sourcecode.swift; path = WorksApiRequest.swift; sourceTree = "<group>"; };
		9DCEC69F20DDD15A00F9A747 /* CacheWorksGateway.swift */ = {isa = PBXFileReference; lastKnownFileType = sourcecode.swift; path = CacheWorksGateway.swift; sourceTree = "<group>"; };
		9DCEC6A520DDD2A300F9A747 /* AddWorkApiRequest.swift */ = {isa = PBXFileReference; lastKnownFileType = sourcecode.swift; path = AddWorkApiRequest.swift; sourceTree = "<group>"; };
		9DCEC6A720DDD37F00F9A747 /* Json.swift */ = {isa = PBXFileReference; lastKnownFileType = sourcecode.swift; path = Json.swift; sourceTree = "<group>"; };
		9DCEC6A920DDD66500F9A747 /* DeleteWorkApiRequest.swift */ = {isa = PBXFileReference; lastKnownFileType = sourcecode.swift; path = DeleteWorkApiRequest.swift; sourceTree = "<group>"; };
		9DCEC6AB20DDD70200F9A747 /* ApiWorksGateway.swift */ = {isa = PBXFileReference; lastKnownFileType = sourcecode.swift; path = ApiWorksGateway.swift; sourceTree = "<group>"; };
		9DCEC6AD20DDD80C00F9A747 /* LocalPersistenceWorksGateway.swift */ = {isa = PBXFileReference; lastKnownFileType = sourcecode.swift; path = LocalPersistenceWorksGateway.swift; sourceTree = "<group>"; };
		9DCEC6AF20DDD86900F9A747 /* CoreDataWork.swift */ = {isa = PBXFileReference; lastKnownFileType = sourcecode.swift; path = CoreDataWork.swift; sourceTree = "<group>"; };
		9DEAF33020D654AD0063533E /* NSError.swift */ = {isa = PBXFileReference; lastKnownFileType = sourcecode.swift; path = NSError.swift; sourceTree = "<group>"; };
		9DEAF33320D688590063533E /* CacheAuthTokenGatewayTest.swift */ = {isa = PBXFileReference; lastKnownFileType = sourcecode.swift; path = CacheAuthTokenGatewayTest.swift; sourceTree = "<group>"; };
		9DEAF33620D688A20063533E /* ApiAuthTokenGatewaySpy.swift */ = {isa = PBXFileReference; lastKnownFileType = sourcecode.swift; path = ApiAuthTokenGatewaySpy.swift; sourceTree = "<group>"; };
		9DEAF33820D68B8B0063533E /* AuthToken.swift */ = {isa = PBXFileReference; lastKnownFileType = sourcecode.swift; path = AuthToken.swift; sourceTree = "<group>"; };
		9DEAF33A20D68ECE0063533E /* Result.swift */ = {isa = PBXFileReference; lastKnownFileType = sourcecode.swift; path = Result.swift; sourceTree = "<group>"; };
		9DEAF33C20DD49810063533E /* Work.swift */ = {isa = PBXFileReference; lastKnownFileType = sourcecode.swift; path = Work.swift; sourceTree = "<group>"; };
/* End PBXFileReference section */

/* Begin PBXFrameworksBuildPhase section */
		9DB34BF22029FA1000534402 /* Frameworks */ = {
			isa = PBXFrameworksBuildPhase;
			buildActionMask = 2147483647;
			files = (
			);
			runOnlyForDeploymentPostprocessing = 0;
		};
		9DB34C082029FA1000534402 /* Frameworks */ = {
			isa = PBXFrameworksBuildPhase;
			buildActionMask = 2147483647;
			files = (
			);
			runOnlyForDeploymentPostprocessing = 0;
		};
		9DB34C132029FA1000534402 /* Frameworks */ = {
			isa = PBXFrameworksBuildPhase;
			buildActionMask = 2147483647;
			files = (
			);
			runOnlyForDeploymentPostprocessing = 0;
		};
/* End PBXFrameworksBuildPhase section */

/* Begin PBXGroup section */
		9D6CA59D20CBD290005B80BE /* Core */ = {
			isa = PBXGroup;
			children = (
				9D6CA5A920CC1118005B80BE /* UseCases */,
				9D6CA5A520CBD68E005B80BE /* Entities */,
				9D6CA5A620CBD6A5005B80BE /* Gateways */,
			);
			path = Core;
			sourceTree = "<group>";
		};
		9D6CA5A520CBD68E005B80BE /* Entities */ = {
			isa = PBXGroup;
			children = (
				9D6CA59E20CBD2A3005B80BE /* AuthToken.swift */,
				9DEAF33C20DD49810063533E /* Work.swift */,
			);
			path = Entities;
			sourceTree = "<group>";
		};
		9D6CA5A620CBD6A5005B80BE /* Gateways */ = {
			isa = PBXGroup;
			children = (
				9D6CA5A320CBD61C005B80BE /* AuthTokenGateway.swift */,
				9DCEC69220DD4F8F00F9A747 /* WorksGateway.swift */,
			);
			path = Gateways;
			sourceTree = "<group>";
		};
		9D6CA5A920CC1118005B80BE /* UseCases */ = {
			isa = PBXGroup;
			children = (
				9D6CA5AA20CC116D005B80BE /* SendAuthToken.swift */,
				9DCEC69420DD4FFB00F9A747 /* AddWork.swift */,
				9DCEC69820DD523800F9A747 /* DeleteWork.swift */,
				9DCEC69620DD514200F9A747 /* DisplayWorksList.swift */,
			);
			path = UseCases;
			sourceTree = "<group>";
		};
		9D6CA5AC20CC20DD005B80BE /* Cache */ = {
			isa = PBXGroup;
			children = (
				9D6CA5AD20CC2131005B80BE /* CacheAuthToken.swift */,
				9DCEC69F20DDD15A00F9A747 /* CacheWorksGateway.swift */,
			);
			path = Cache;
			sourceTree = "<group>";
		};
		9D6CA5B520CEB290005B80BE /* Helper */ = {
			isa = PBXGroup;
			children = (
				9DEAF32F20D654940063533E /* Creater */,
				9D6CA5B620CEB53F005B80BE /* URLSessionStub.swift */,
				9DEAF33520D688850063533E /* Gateways */,
			);
			path = Helper;
			sourceTree = "<group>";
		};
		9D9EA4F720DF7E3900BAB64C /* Works */ = {
			isa = PBXGroup;
			children = (
				9D9EA4F820DF898A00BAB64C /* WorksConfigurator.swift */,
				9D9EA4FA20DF89D300BAB64C /* WorksTableViewController.swift */,
				9D9EA4FE20DFA8FF00BAB64C /* WorksPresenter.swift */,
				9D9EA50020DFA96800BAB64C /* WorksViewRouter.swift */,
				9D9EA50720DFACBC00BAB64C /* WorkTableViewCell.swift */,
			);
			path = Works;
			sourceTree = "<group>";
		};
		9D9EA50220DFA9A100BAB64C /* Other */ = {
			isa = PBXGroup;
			children = (
				9D9EA50320DFA9AC00BAB64C /* ViewRouter.swift */,
				9D9EA50520DFAC6300BAB64C /* UIViewController-Alert.swift */,
				9D9EA55020E12D5700BAB64C /* DateFormatter.swift */,
			);
			path = Other;
			sourceTree = "<group>";
		};
		9DB1A0D020CA5DB200ACDA4B /* Gateways */ = {
			isa = PBXGroup;
			children = (
				9D6CA59B20CBD1E1005B80BE /* ApiAuthTokenGateway.swift */,
				9DCEC6AB20DDD70200F9A747 /* ApiWorksGateway.swift */,
			);
			path = Gateways;
			sourceTree = "<group>";
		};
		9DB1A0D320CA5E7900ACDA4B /* Entities */ = {
			isa = PBXGroup;
			children = (
				9D6CA5A020CBD421005B80BE /* ApiAuthToken.swift */,
				9DCEC69A20DD532800F9A747 /* ApiWork.swift */,
			);
			path = Entities;
			sourceTree = "<group>";
		};
		9DB34BEC2029FA1000534402 = {
			isa = PBXGroup;
			children = (
				9DB34BF72029FA1000534402 /* Annict */,
				9DB34C0E2029FA1000534402 /* AnnictTests */,
				9DB34C192029FA1000534402 /* AnnictUITests */,
				9DB34BF62029FA1000534402 /* Products */,
			);
			sourceTree = "<group>";
		};
		9DB34BF62029FA1000534402 /* Products */ = {
			isa = PBXGroup;
			children = (
				9DB34BF52029FA1000534402 /* Annict.app */,
				9DB34C0B2029FA1000534402 /* AnnictTests.xctest */,
				9DB34C162029FA1000534402 /* AnnictUITests.xctest */,
			);
			name = Products;
			sourceTree = "<group>";
		};
		9DB34BF72029FA1000534402 /* Annict */ = {
			isa = PBXGroup;
			children = (
				9D9EA50220DFA9A100BAB64C /* Other */,
				9DB34BF82029FA1000534402 /* AppDelegate.swift */,
				9DB34C012029FA1000534402 /* Assets.xcassets */,
				9D6CA59D20CBD290005B80BE /* Core */,
				9DC8A62720C97DA300EB43E9 /* EntityGateway */,
				9DC8A61A20C978EA00EB43E9 /* Scene */,
				9DB34BFA2029FA1000534402 /* FirstViewController.swift */,
				9DB34BFC2029FA1000534402 /* SecondViewController.swift */,
				9DB34C062029FA1000534402 /* Info.plist */,
				9DB34C032029FA1000534402 /* LaunchScreen.storyboard */,
				9DB1A0DC20CA7A8C00ACDA4B /* Localizable.strings */,
				9DB34BFE2029FA1000534402 /* Main.storyboard */,
				9D6CA59920CBCEA0005B80BE /* Notification.swift */,
				9DC8A62C20C97E4900EB43E9 /* Result.swift */,
				9DB1A0E220CA817400ACDA4B /* UINavigationController.swift */,
				9D5F8C6F20CAD5BC00F99968 /* URL.swift */,
			);
			path = Annict;
			sourceTree = "<group>";
		};
		9DB34C0E2029FA1000534402 /* AnnictTests */ = {
			isa = PBXGroup;
			children = (
				9DB34C0F2029FA1000534402 /* AnnictTests.swift */,
				9DEAF33A20D68ECE0063533E /* Result.swift */,
				9DEAF33220D654EC0063533E /* Gateways */,
				9D6CA5B520CEB290005B80BE /* Helper */,
				9DB34C112029FA1000534402 /* Info.plist */,
			);
			path = AnnictTests;
			sourceTree = "<group>";
		};
		9DB34C192029FA1000534402 /* AnnictUITests */ = {
			isa = PBXGroup;
			children = (
				9DB34C1A2029FA1000534402 /* AnnictUITests.swift */,
				9DB34C1C2029FA1000534402 /* Info.plist */,
			);
			path = AnnictUITests;
			sourceTree = "<group>";
		};
		9DC8A61A20C978EA00EB43E9 /* Scene */ = {
			isa = PBXGroup;
			children = (
				9D9EA4F720DF7E3900BAB64C /* Works */,
				9DC8A61B20C978F800EB43E9 /* Login */,
			);
			path = Scene;
			sourceTree = "<group>";
		};
		9DC8A61B20C978F800EB43E9 /* Login */ = {
			isa = PBXGroup;
			children = (
				9DC8A62020C9794800EB43E9 /* Login.storyboard */,
				9D6CA5AF20CCC0FA005B80BE /* LoginConfigurator.swift */,
				9DC8A62220C979A600EB43E9 /* LoginViewController.swift */,
				9D6CA5A720CBEB02005B80BE /* LoginPresenter.swift */,
			);
			path = Login;
			sourceTree = "<group>";
		};
		9DC8A62720C97DA300EB43E9 /* EntityGateway */ = {
			isa = PBXGroup;
			children = (
				9DCEC6A220DDD22200F9A747 /* LocalPersistence */,
				9DC8A62820C97DAD00EB43E9 /* API */,
				9D6CA5AC20CC20DD005B80BE /* Cache */,
			);
			path = EntityGateway;
			sourceTree = "<group>";
		};
		9DC8A62820C97DAD00EB43E9 /* API */ = {
			isa = PBXGroup;
			children = (
				9DB1A0D320CA5E7900ACDA4B /* Entities */,
				9DB1A0D020CA5DB200ACDA4B /* Gateways */,
				9DC8A62920C97DB700EB43E9 /* Requests */,
				9DC8A62A20C97DFB00EB43E9 /* ApiClient.swift */,
				9DC8A62E20C97FB200EB43E9 /* ApiResponse.swift */,
				9D6CA59720CBB10E005B80BE /* AnnictConsts.swift */,
				9DCEC6A720DDD37F00F9A747 /* Json.swift */,
			);
			path = API;
			sourceTree = "<group>";
		};
		9DC8A62920C97DB700EB43E9 /* Requests */ = {
			isa = PBXGroup;
			children = (
				9DC8A63020C9842800EB43E9 /* AuthorizationRequest.swift */,
				9DB1A0D620CA63BB00ACDA4B /* AuthTokenRequest.swift */,
				9DCEC69C20DDD00500F9A747 /* WorksApiRequest.swift */,
				9DCEC6A520DDD2A300F9A747 /* AddWorkApiRequest.swift */,
				9DCEC6A920DDD66500F9A747 /* DeleteWorkApiRequest.swift */,
			);
			path = Requests;
			sourceTree = "<group>";
		};
		9DCEC6A220DDD22200F9A747 /* LocalPersistence */ = {
			isa = PBXGroup;
			children = (
				9DCEC6A420DDD24500F9A747 /* Gateways */,
				9DCEC6A320DDD23A00F9A747 /* Entities */,
				9D9EA4EE20DE797100BAB64C /* NSManagedObjectContext-Utils.swift */,
				9D9EA4FC20DFA85700BAB64C /* CoreDataStack.swift */,
				9D9EA4F020DF42DE00BAB64C /* AnnictModel.xcdatamodeld */,
			);
			path = LocalPersistence;
			sourceTree = "<group>";
		};
		9DCEC6A320DDD23A00F9A747 /* Entities */ = {
			isa = PBXGroup;
			children = (
				9DCEC6AF20DDD86900F9A747 /* CoreDataWork.swift */,
			);
			path = Entities;
			sourceTree = "<group>";
		};
		9DCEC6A420DDD24500F9A747 /* Gateways */ = {
			isa = PBXGroup;
			children = (
				9DCEC6AD20DDD80C00F9A747 /* LocalPersistenceWorksGateway.swift */,
			);
			path = Gateways;
			sourceTree = "<group>";
		};
		9DEAF32F20D654940063533E /* Creater */ = {
			isa = PBXGroup;
			children = (
				9DEAF33020D654AD0063533E /* NSError.swift */,
				9DEAF33820D68B8B0063533E /* AuthToken.swift */,
				9D9EA50B20DFB33100BAB64C /* Work.swift */,
			);
			path = Creater;
			sourceTree = "<group>";
		};
		9DEAF33220D654EC0063533E /* Gateways */ = {
			isa = PBXGroup;
			children = (
				9D6CA5B320CEB0FD005B80BE /* ApiClientTest.swift */,
				9D9EA50920DFB27200BAB64C /* CacheWorksGatewayTest.swift */,
				9DEAF33320D688590063533E /* CacheAuthTokenGatewayTest.swift */,
			);
			path = Gateways;
			sourceTree = "<group>";
		};
		9DEAF33520D688850063533E /* Gateways */ = {
			isa = PBXGroup;
			children = (
				9DEAF33620D688A20063533E /* ApiAuthTokenGatewaySpy.swift */,
				9D9EA50D20DFB7EA00BAB64C /* ApiWorksGatewaySpy.swift */,
				9D9EA50F20DFB8A800BAB64C /* LocalPersistenceWorksGatewaySpy.swift */,
			);
			path = Gateways;
			sourceTree = "<group>";
		};
/* End PBXGroup section */

/* Begin PBXNativeTarget section */
		9DB34BF42029FA1000534402 /* Annict */ = {
			isa = PBXNativeTarget;
			buildConfigurationList = 9DB34C1F2029FA1000534402 /* Build configuration list for PBXNativeTarget "Annict" */;
			buildPhases = (
				9DB34BF12029FA1000534402 /* Sources */,
				9DB34BF22029FA1000534402 /* Frameworks */,
				9DB34BF32029FA1000534402 /* Resources */,
			);
			buildRules = (
			);
			dependencies = (
			);
			name = Annict;
			productName = Annict;
			productReference = 9DB34BF52029FA1000534402 /* Annict.app */;
			productType = "com.apple.product-type.application";
		};
		9DB34C0A2029FA1000534402 /* AnnictTests */ = {
			isa = PBXNativeTarget;
			buildConfigurationList = 9DB34C222029FA1000534402 /* Build configuration list for PBXNativeTarget "AnnictTests" */;
			buildPhases = (
				9DB34C072029FA1000534402 /* Sources */,
				9DB34C082029FA1000534402 /* Frameworks */,
				9DB34C092029FA1000534402 /* Resources */,
			);
			buildRules = (
			);
			dependencies = (
				9DB34C0D2029FA1000534402 /* PBXTargetDependency */,
			);
			name = AnnictTests;
			productName = AnnictTests;
			productReference = 9DB34C0B2029FA1000534402 /* AnnictTests.xctest */;
			productType = "com.apple.product-type.bundle.unit-test";
		};
		9DB34C152029FA1000534402 /* AnnictUITests */ = {
			isa = PBXNativeTarget;
			buildConfigurationList = 9DB34C252029FA1000534402 /* Build configuration list for PBXNativeTarget "AnnictUITests" */;
			buildPhases = (
				9DB34C122029FA1000534402 /* Sources */,
				9DB34C132029FA1000534402 /* Frameworks */,
				9DB34C142029FA1000534402 /* Resources */,
			);
			buildRules = (
			);
			dependencies = (
				9DB34C182029FA1000534402 /* PBXTargetDependency */,
			);
			name = AnnictUITests;
			productName = AnnictUITests;
			productReference = 9DB34C162029FA1000534402 /* AnnictUITests.xctest */;
			productType = "com.apple.product-type.bundle.ui-testing";
		};
/* End PBXNativeTarget section */

/* Begin PBXProject section */
		9DB34BED2029FA1000534402 /* Project object */ = {
			isa = PBXProject;
			attributes = {
				LastSwiftUpdateCheck = 0920;
				LastUpgradeCheck = 0940;
				ORGANIZATIONNAME = "伊東直人";
				TargetAttributes = {
					9DB34BF42029FA1000534402 = {
						CreatedOnToolsVersion = 9.2;
						ProvisioningStyle = Automatic;
					};
					9DB34C0A2029FA1000534402 = {
						CreatedOnToolsVersion = 9.2;
						ProvisioningStyle = Automatic;
						TestTargetID = 9DB34BF42029FA1000534402;
					};
					9DB34C152029FA1000534402 = {
						CreatedOnToolsVersion = 9.2;
						ProvisioningStyle = Automatic;
						TestTargetID = 9DB34BF42029FA1000534402;
					};
				};
			};
			buildConfigurationList = 9DB34BF02029FA1000534402 /* Build configuration list for PBXProject "Annict" */;
			compatibilityVersion = "Xcode 8.0";
			developmentRegion = en;
			hasScannedForEncodings = 0;
			knownRegions = (
				en,
				Base,
				ja,
			);
			mainGroup = 9DB34BEC2029FA1000534402;
			productRefGroup = 9DB34BF62029FA1000534402 /* Products */;
			projectDirPath = "";
			projectRoot = "";
			targets = (
				9DB34BF42029FA1000534402 /* Annict */,
				9DB34C0A2029FA1000534402 /* AnnictTests */,
				9DB34C152029FA1000534402 /* AnnictUITests */,
			);
		};
/* End PBXProject section */

/* Begin PBXResourcesBuildPhase section */
		9DB34BF32029FA1000534402 /* Resources */ = {
			isa = PBXResourcesBuildPhase;
			buildActionMask = 2147483647;
			files = (
				9DB1A0DA20CA7A8C00ACDA4B /* Localizable.strings in Resources */,
				9DB34C052029FA1000534402 /* LaunchScreen.storyboard in Resources */,
				9DB34C022029FA1000534402 /* Assets.xcassets in Resources */,
				9DC8A62120C9794800EB43E9 /* Login.storyboard in Resources */,
				9DB34C002029FA1000534402 /* Main.storyboard in Resources */,
			);
			runOnlyForDeploymentPostprocessing = 0;
		};
		9DB34C092029FA1000534402 /* Resources */ = {
			isa = PBXResourcesBuildPhase;
			buildActionMask = 2147483647;
			files = (
			);
			runOnlyForDeploymentPostprocessing = 0;
		};
		9DB34C142029FA1000534402 /* Resources */ = {
			isa = PBXResourcesBuildPhase;
			buildActionMask = 2147483647;
			files = (
			);
			runOnlyForDeploymentPostprocessing = 0;
		};
/* End PBXResourcesBuildPhase section */

/* Begin PBXSourcesBuildPhase section */
		9DB34BF12029FA1000534402 /* Sources */ = {
			isa = PBXSourcesBuildPhase;
			buildActionMask = 2147483647;
			files = (
				9DEAF33D20DD49810063533E /* Work.swift in Sources */,
				9D9EA4F220DF42DF00BAB64C /* AnnictModel.xcdatamodeld in Sources */,
				9DCEC6AE20DDD80C00F9A747 /* LocalPersistenceWorksGateway.swift in Sources */,
				9DCEC6A620DDD2A300F9A747 /* AddWorkApiRequest.swift in Sources */,
				9DCEC6A820DDD37F00F9A747 /* Json.swift in Sources */,
				9D6CA5B020CCC0FA005B80BE /* LoginConfigurator.swift in Sources */,
				9DB1A0D720CA63BB00ACDA4B /* AuthTokenRequest.swift in Sources */,
				9DCEC6B020DDD86900F9A747 /* CoreDataWork.swift in Sources */,
				9DB1A0E320CA817400ACDA4B /* UINavigationController.swift in Sources */,
				9DCEC69520DD4FFB00F9A747 /* AddWork.swift in Sources */,
				9DC8A62D20C97E4900EB43E9 /* Result.swift in Sources */,
				9DCEC6AC20DDD70200F9A747 /* ApiWorksGateway.swift in Sources */,
				9D5F8C7020CAD5BC00F99968 /* URL.swift in Sources */,
				9D9EA4FB20DF89D300BAB64C /* WorksTableViewController.swift in Sources */,
				9DC8A62320C979A600EB43E9 /* LoginViewController.swift in Sources */,
				9D9EA4FD20DFA85700BAB64C /* CoreDataStack.swift in Sources */,
				9D6CA59820CBB10E005B80BE /* AnnictConsts.swift in Sources */,
				9DB34BFD2029FA1000534402 /* SecondViewController.swift in Sources */,
				9D6CA59A20CBCEA0005B80BE /* Notification.swift in Sources */,
				9DCEC69920DD523800F9A747 /* DeleteWork.swift in Sources */,
				9D6CA5AB20CC116D005B80BE /* SendAuthToken.swift in Sources */,
				9D6CA59F20CBD2A3005B80BE /* AuthToken.swift in Sources */,
				9D9EA50820DFACBC00BAB64C /* WorkTableViewCell.swift in Sources */,
				9D6CA5A420CBD61C005B80BE /* AuthTokenGateway.swift in Sources */,
				9D9EA4EF20DE797100BAB64C /* NSManagedObjectContext-Utils.swift in Sources */,
				9DCEC69720DD514200F9A747 /* DisplayWorksList.swift in Sources */,
				9D9EA4F920DF898A00BAB64C /* WorksConfigurator.swift in Sources */,
				9D6CA59C20CBD1E1005B80BE /* ApiAuthTokenGateway.swift in Sources */,
				9DCEC6A020DDD15A00F9A747 /* CacheWorksGateway.swift in Sources */,
				9D6CA5A120CBD421005B80BE /* ApiAuthToken.swift in Sources */,
				9D9EA55120E12D5700BAB64C /* DateFormatter.swift in Sources */,
				9D6CA5A820CBEB02005B80BE /* LoginPresenter.swift in Sources */,
				9DCEC6AA20DDD66500F9A747 /* DeleteWorkApiRequest.swift in Sources */,
				9D9EA4FF20DFA8FF00BAB64C /* WorksPresenter.swift in Sources */,
				9D6CA5AE20CC2131005B80BE /* CacheAuthToken.swift in Sources */,
				9DCEC69D20DDD00500F9A747 /* WorksApiRequest.swift in Sources */,
				9D9EA50120DFA96800BAB64C /* WorksViewRouter.swift in Sources */,
				9DB34BF92029FA1000534402 /* AppDelegate.swift in Sources */,
				9D9EA50420DFA9AC00BAB64C /* ViewRouter.swift in Sources */,
				9DCEC69320DD4F8F00F9A747 /* WorksGateway.swift in Sources */,
				9DB34BFB2029FA1000534402 /* FirstViewController.swift in Sources */,
				9DC8A63120C9842800EB43E9 /* AuthorizationRequest.swift in Sources */,
				9DC8A62F20C97FB200EB43E9 /* ApiResponse.swift in Sources */,
				9D9EA50620DFAC6300BAB64C /* UIViewController-Alert.swift in Sources */,
				9DC8A62B20C97DFB00EB43E9 /* ApiClient.swift in Sources */,
				9DCEC69B20DD532800F9A747 /* ApiWork.swift in Sources */,
			);
			runOnlyForDeploymentPostprocessing = 0;
		};
		9DB34C072029FA1000534402 /* Sources */ = {
			isa = PBXSourcesBuildPhase;
			buildActionMask = 2147483647;
			files = (
				9DB34C102029FA1000534402 /* AnnictTests.swift in Sources */,
				9D6CA5B420CEB0FD005B80BE /* ApiClientTest.swift in Sources */,
				9D9EA50C20DFB33100BAB64C /* Work.swift in Sources */,
				9D6CA5B720CEB53F005B80BE /* URLSessionStub.swift in Sources */,
				9D9EA51020DFB8A800BAB64C /* LocalPersistenceWorksGatewaySpy.swift in Sources */,
				9DEAF33120D654AD0063533E /* NSError.swift in Sources */,
				9D9EA50A20DFB27200BAB64C /* CacheWorksGatewayTest.swift in Sources */,
				9D9EA50E20DFB7EA00BAB64C /* ApiWorksGatewaySpy.swift in Sources */,
				9DEAF33720D688A20063533E /* ApiAuthTokenGatewaySpy.swift in Sources */,
				9DEAF33920D68B8B0063533E /* AuthToken.swift in Sources */,
				9DEAF33B20D68ECE0063533E /* Result.swift in Sources */,
				9DEAF33420D688590063533E /* CacheAuthTokenGatewayTest.swift in Sources */,
			);
			runOnlyForDeploymentPostprocessing = 0;
		};
		9DB34C122029FA1000534402 /* Sources */ = {
			isa = PBXSourcesBuildPhase;
			buildActionMask = 2147483647;
			files = (
				9DB34C1B2029FA1000534402 /* AnnictUITests.swift in Sources */,
			);
			runOnlyForDeploymentPostprocessing = 0;
		};
/* End PBXSourcesBuildPhase section */

/* Begin PBXTargetDependency section */
		9DB34C0D2029FA1000534402 /* PBXTargetDependency */ = {
			isa = PBXTargetDependency;
			target = 9DB34BF42029FA1000534402 /* Annict */;
			targetProxy = 9DB34C0C2029FA1000534402 /* PBXContainerItemProxy */;
		};
		9DB34C182029FA1000534402 /* PBXTargetDependency */ = {
			isa = PBXTargetDependency;
			target = 9DB34BF42029FA1000534402 /* Annict */;
			targetProxy = 9DB34C172029FA1000534402 /* PBXContainerItemProxy */;
		};
/* End PBXTargetDependency section */

/* Begin PBXVariantGroup section */
		9DB1A0DC20CA7A8C00ACDA4B /* Localizable.strings */ = {
			isa = PBXVariantGroup;
			children = (
				9DB1A0DB20CA7A8C00ACDA4B /* en */,
				9DB1A0E120CA7AE900ACDA4B /* ja */,
			);
			name = Localizable.strings;
			sourceTree = "<group>";
		};
		9DB34BFE2029FA1000534402 /* Main.storyboard */ = {
			isa = PBXVariantGroup;
			children = (
				9DB34BFF2029FA1000534402 /* Base */,
				9DB1A0DF20CA7AE900ACDA4B /* ja */,
			);
			name = Main.storyboard;
			sourceTree = "<group>";
		};
		9DB34C032029FA1000534402 /* LaunchScreen.storyboard */ = {
			isa = PBXVariantGroup;
			children = (
				9DB34C042029FA1000534402 /* Base */,
				9DB1A0E020CA7AE900ACDA4B /* ja */,
			);
			name = LaunchScreen.storyboard;
			sourceTree = "<group>";
		};
/* End PBXVariantGroup section */

/* Begin XCBuildConfiguration section */
		9DB34C1D2029FA1000534402 /* Debug */ = {
			isa = XCBuildConfiguration;
			buildSettings = {
				ALWAYS_SEARCH_USER_PATHS = NO;
				CLANG_ANALYZER_LOCALIZABILITY_NONLOCALIZED = YES;
				CLANG_ANALYZER_NONNULL = YES;
				CLANG_ANALYZER_NUMBER_OBJECT_CONVERSION = YES_AGGRESSIVE;
				CLANG_CXX_LANGUAGE_STANDARD = "gnu++14";
				CLANG_CXX_LIBRARY = "libc++";
				CLANG_ENABLE_MODULES = YES;
				CLANG_ENABLE_OBJC_ARC = YES;
				CLANG_WARN_BLOCK_CAPTURE_AUTORELEASING = YES;
				CLANG_WARN_BOOL_CONVERSION = YES;
				CLANG_WARN_COMMA = YES;
				CLANG_WARN_CONSTANT_CONVERSION = YES;
				CLANG_WARN_DEPRECATED_OBJC_IMPLEMENTATIONS = YES;
				CLANG_WARN_DIRECT_OBJC_ISA_USAGE = YES_ERROR;
				CLANG_WARN_DOCUMENTATION_COMMENTS = YES;
				CLANG_WARN_EMPTY_BODY = YES;
				CLANG_WARN_ENUM_CONVERSION = YES;
				CLANG_WARN_INFINITE_RECURSION = YES;
				CLANG_WARN_INT_CONVERSION = YES;
				CLANG_WARN_NON_LITERAL_NULL_CONVERSION = YES;
				CLANG_WARN_OBJC_IMPLICIT_RETAIN_SELF = YES;
				CLANG_WARN_OBJC_LITERAL_CONVERSION = YES;
				CLANG_WARN_OBJC_ROOT_CLASS = YES_ERROR;
				CLANG_WARN_RANGE_LOOP_ANALYSIS = YES;
				CLANG_WARN_STRICT_PROTOTYPES = YES;
				CLANG_WARN_SUSPICIOUS_MOVE = YES;
				CLANG_WARN_UNGUARDED_AVAILABILITY = YES_AGGRESSIVE;
				CLANG_WARN_UNREACHABLE_CODE = YES;
				CLANG_WARN__DUPLICATE_METHOD_MATCH = YES;
				CODE_SIGN_IDENTITY = "iPhone Developer";
				COPY_PHASE_STRIP = NO;
				DEBUG_INFORMATION_FORMAT = dwarf;
				ENABLE_STRICT_OBJC_MSGSEND = YES;
				ENABLE_TESTABILITY = YES;
				GCC_C_LANGUAGE_STANDARD = gnu11;
				GCC_DYNAMIC_NO_PIC = NO;
				GCC_NO_COMMON_BLOCKS = YES;
				GCC_OPTIMIZATION_LEVEL = 0;
				GCC_PREPROCESSOR_DEFINITIONS = (
					"DEBUG=1",
					"$(inherited)",
				);
				GCC_WARN_64_TO_32_BIT_CONVERSION = YES;
				GCC_WARN_ABOUT_RETURN_TYPE = YES_ERROR;
				GCC_WARN_UNDECLARED_SELECTOR = YES;
				GCC_WARN_UNINITIALIZED_AUTOS = YES_AGGRESSIVE;
				GCC_WARN_UNUSED_FUNCTION = YES;
				GCC_WARN_UNUSED_VARIABLE = YES;
				IPHONEOS_DEPLOYMENT_TARGET = 11.2;
				MTL_ENABLE_DEBUG_INFO = YES;
				ONLY_ACTIVE_ARCH = YES;
				SDKROOT = iphoneos;
				SWIFT_ACTIVE_COMPILATION_CONDITIONS = DEBUG;
				SWIFT_OPTIMIZATION_LEVEL = "-Onone";
			};
			name = Debug;
		};
		9DB34C1E2029FA1000534402 /* Release */ = {
			isa = XCBuildConfiguration;
			buildSettings = {
				ALWAYS_SEARCH_USER_PATHS = NO;
				CLANG_ANALYZER_LOCALIZABILITY_NONLOCALIZED = YES;
				CLANG_ANALYZER_NONNULL = YES;
				CLANG_ANALYZER_NUMBER_OBJECT_CONVERSION = YES_AGGRESSIVE;
				CLANG_CXX_LANGUAGE_STANDARD = "gnu++14";
				CLANG_CXX_LIBRARY = "libc++";
				CLANG_ENABLE_MODULES = YES;
				CLANG_ENABLE_OBJC_ARC = YES;
				CLANG_WARN_BLOCK_CAPTURE_AUTORELEASING = YES;
				CLANG_WARN_BOOL_CONVERSION = YES;
				CLANG_WARN_COMMA = YES;
				CLANG_WARN_CONSTANT_CONVERSION = YES;
				CLANG_WARN_DEPRECATED_OBJC_IMPLEMENTATIONS = YES;
				CLANG_WARN_DIRECT_OBJC_ISA_USAGE = YES_ERROR;
				CLANG_WARN_DOCUMENTATION_COMMENTS = YES;
				CLANG_WARN_EMPTY_BODY = YES;
				CLANG_WARN_ENUM_CONVERSION = YES;
				CLANG_WARN_INFINITE_RECURSION = YES;
				CLANG_WARN_INT_CONVERSION = YES;
				CLANG_WARN_NON_LITERAL_NULL_CONVERSION = YES;
				CLANG_WARN_OBJC_IMPLICIT_RETAIN_SELF = YES;
				CLANG_WARN_OBJC_LITERAL_CONVERSION = YES;
				CLANG_WARN_OBJC_ROOT_CLASS = YES_ERROR;
				CLANG_WARN_RANGE_LOOP_ANALYSIS = YES;
				CLANG_WARN_STRICT_PROTOTYPES = YES;
				CLANG_WARN_SUSPICIOUS_MOVE = YES;
				CLANG_WARN_UNGUARDED_AVAILABILITY = YES_AGGRESSIVE;
				CLANG_WARN_UNREACHABLE_CODE = YES;
				CLANG_WARN__DUPLICATE_METHOD_MATCH = YES;
				CODE_SIGN_IDENTITY = "iPhone Developer";
				COPY_PHASE_STRIP = NO;
				DEBUG_INFORMATION_FORMAT = "dwarf-with-dsym";
				ENABLE_NS_ASSERTIONS = NO;
				ENABLE_STRICT_OBJC_MSGSEND = YES;
				GCC_C_LANGUAGE_STANDARD = gnu11;
				GCC_NO_COMMON_BLOCKS = YES;
				GCC_WARN_64_TO_32_BIT_CONVERSION = YES;
				GCC_WARN_ABOUT_RETURN_TYPE = YES_ERROR;
				GCC_WARN_UNDECLARED_SELECTOR = YES;
				GCC_WARN_UNINITIALIZED_AUTOS = YES_AGGRESSIVE;
				GCC_WARN_UNUSED_FUNCTION = YES;
				GCC_WARN_UNUSED_VARIABLE = YES;
				IPHONEOS_DEPLOYMENT_TARGET = 11.2;
				MTL_ENABLE_DEBUG_INFO = NO;
				SDKROOT = iphoneos;
				SWIFT_OPTIMIZATION_LEVEL = "-Owholemodule";
				VALIDATE_PRODUCT = YES;
			};
			name = Release;
		};
		9DB34C202029FA1000534402 /* Debug */ = {
			isa = XCBuildConfiguration;
			buildSettings = {
				ASSETCATALOG_COMPILER_APPICON_NAME = AppIcon;
				CODE_SIGN_STYLE = Automatic;
				DEVELOPMENT_TEAM = SE23SV7GZJ;
				INFOPLIST_FILE = Annict/Info.plist;
				LD_RUNPATH_SEARCH_PATHS = "$(inherited) @executable_path/Frameworks";
				PRODUCT_BUNDLE_IDENTIFIER = com.unlimited.anime.works.annict;
				PRODUCT_NAME = "$(TARGET_NAME)";
				SWIFT_VERSION = 4.0;
				TARGETED_DEVICE_FAMILY = "1,2";
			};
			name = Debug;
		};
		9DB34C212029FA1000534402 /* Release */ = {
			isa = XCBuildConfiguration;
			buildSettings = {
				ASSETCATALOG_COMPILER_APPICON_NAME = AppIcon;
				CODE_SIGN_STYLE = Automatic;
				DEVELOPMENT_TEAM = SE23SV7GZJ;
				INFOPLIST_FILE = Annict/Info.plist;
				LD_RUNPATH_SEARCH_PATHS = "$(inherited) @executable_path/Frameworks";
				PRODUCT_BUNDLE_IDENTIFIER = com.unlimited.anime.works.annict;
				PRODUCT_NAME = "$(TARGET_NAME)";
				SWIFT_VERSION = 4.0;
				TARGETED_DEVICE_FAMILY = "1,2";
			};
			name = Release;
		};
		9DB34C232029FA1000534402 /* Debug */ = {
			isa = XCBuildConfiguration;
			buildSettings = {
				ALWAYS_EMBED_SWIFT_STANDARD_LIBRARIES = YES;
				BUNDLE_LOADER = "$(TEST_HOST)";
				CODE_SIGN_STYLE = Automatic;
				DEVELOPMENT_TEAM = Z7TTVB9977;
				INFOPLIST_FILE = AnnictTests/Info.plist;
				LD_RUNPATH_SEARCH_PATHS = "$(inherited) @executable_path/Frameworks @loader_path/Frameworks";
				PRODUCT_BUNDLE_IDENTIFIER = yanaoto.AnnictTests;
				PRODUCT_NAME = "$(TARGET_NAME)";
				SWIFT_VERSION = 4.0;
				TARGETED_DEVICE_FAMILY = "1,2";
				TEST_HOST = "$(BUILT_PRODUCTS_DIR)/Annict.app/Annict";
			};
			name = Debug;
		};
		9DB34C242029FA1000534402 /* Release */ = {
			isa = XCBuildConfiguration;
			buildSettings = {
				ALWAYS_EMBED_SWIFT_STANDARD_LIBRARIES = YES;
				BUNDLE_LOADER = "$(TEST_HOST)";
				CODE_SIGN_STYLE = Automatic;
				DEVELOPMENT_TEAM = Z7TTVB9977;
				INFOPLIST_FILE = AnnictTests/Info.plist;
				LD_RUNPATH_SEARCH_PATHS = "$(inherited) @executable_path/Frameworks @loader_path/Frameworks";
				PRODUCT_BUNDLE_IDENTIFIER = yanaoto.AnnictTests;
				PRODUCT_NAME = "$(TARGET_NAME)";
				SWIFT_VERSION = 4.0;
				TARGETED_DEVICE_FAMILY = "1,2";
				TEST_HOST = "$(BUILT_PRODUCTS_DIR)/Annict.app/Annict";
			};
			name = Release;
		};
		9DB34C262029FA1000534402 /* Debug */ = {
			isa = XCBuildConfiguration;
			buildSettings = {
				ALWAYS_EMBED_SWIFT_STANDARD_LIBRARIES = YES;
				CODE_SIGN_STYLE = Automatic;
				DEVELOPMENT_TEAM = Z7TTVB9977;
				INFOPLIST_FILE = AnnictUITests/Info.plist;
				LD_RUNPATH_SEARCH_PATHS = "$(inherited) @executable_path/Frameworks @loader_path/Frameworks";
				PRODUCT_BUNDLE_IDENTIFIER = yanaoto.AnnictUITests;
				PRODUCT_NAME = "$(TARGET_NAME)";
				SWIFT_VERSION = 4.0;
				TARGETED_DEVICE_FAMILY = "1,2";
				TEST_TARGET_NAME = Annict;
			};
			name = Debug;
		};
		9DB34C272029FA1000534402 /* Release */ = {
			isa = XCBuildConfiguration;
			buildSettings = {
				ALWAYS_EMBED_SWIFT_STANDARD_LIBRARIES = YES;
				CODE_SIGN_STYLE = Automatic;
				DEVELOPMENT_TEAM = Z7TTVB9977;
				INFOPLIST_FILE = AnnictUITests/Info.plist;
				LD_RUNPATH_SEARCH_PATHS = "$(inherited) @executable_path/Frameworks @loader_path/Frameworks";
				PRODUCT_BUNDLE_IDENTIFIER = yanaoto.AnnictUITests;
				PRODUCT_NAME = "$(TARGET_NAME)";
				SWIFT_VERSION = 4.0;
				TARGETED_DEVICE_FAMILY = "1,2";
				TEST_TARGET_NAME = Annict;
			};
			name = Release;
		};
/* End XCBuildConfiguration section */

/* Begin XCConfigurationList section */
		9DB34BF02029FA1000534402 /* Build configuration list for PBXProject "Annict" */ = {
			isa = XCConfigurationList;
			buildConfigurations = (
				9DB34C1D2029FA1000534402 /* Debug */,
				9DB34C1E2029FA1000534402 /* Release */,
			);
			defaultConfigurationIsVisible = 0;
			defaultConfigurationName = Release;
		};
		9DB34C1F2029FA1000534402 /* Build configuration list for PBXNativeTarget "Annict" */ = {
			isa = XCConfigurationList;
			buildConfigurations = (
				9DB34C202029FA1000534402 /* Debug */,
				9DB34C212029FA1000534402 /* Release */,
			);
			defaultConfigurationIsVisible = 0;
			defaultConfigurationName = Release;
		};
		9DB34C222029FA1000534402 /* Build configuration list for PBXNativeTarget "AnnictTests" */ = {
			isa = XCConfigurationList;
			buildConfigurations = (
				9DB34C232029FA1000534402 /* Debug */,
				9DB34C242029FA1000534402 /* Release */,
			);
			defaultConfigurationIsVisible = 0;
			defaultConfigurationName = Release;
		};
		9DB34C252029FA1000534402 /* Build configuration list for PBXNativeTarget "AnnictUITests" */ = {
			isa = XCConfigurationList;
			buildConfigurations = (
				9DB34C262029FA1000534402 /* Debug */,
				9DB34C272029FA1000534402 /* Release */,
			);
			defaultConfigurationIsVisible = 0;
			defaultConfigurationName = Release;
		};
/* End XCConfigurationList section */

/* Begin XCVersionGroup section */
		9D9EA4F020DF42DE00BAB64C /* AnnictModel.xcdatamodeld */ = {
			isa = XCVersionGroup;
			children = (
				9D9EA4F120DF42DE00BAB64C /* AnnictModel.xcdatamodel */,
			);
			currentVersion = 9D9EA4F120DF42DE00BAB64C /* AnnictModel.xcdatamodel */;
			path = AnnictModel.xcdatamodeld;
			sourceTree = "<group>";
			versionGroupType = wrapper.xcdatamodel;
		};
/* End XCVersionGroup section */
	};
	rootObject = 9DB34BED2029FA1000534402 /* Project object */;
}
